
Microsoft Visual Studio Solution File, Format Version 12.00
# Visual Studio Version 17
VisualStudioVersion = 17.6.33815.320
MinimumVisualStudioVersion = 10.0.40219.1
Project("{FAE04EC0-301F-11D3-BF4B-00C04F79EFBC}") = "HungryChests", "HungryChests\HungryChests.csproj", "{437C1ED4-7B5E-48B5-B612-FA63324E7BEB}"
EndProject
Global
	GlobalSection(SolutionConfigurationPlatforms) = preSolution
		Debug|Any CPU = Debug|Any CPU
		Release|Any CPU = Release|Any CPU
	EndGlobalSection
	GlobalSection(ProjectConfigurationPlatforms) = postSolution
		{437C1ED4-7B5E-48B5-B612-FA63324E7BEB}.Debug|Any CPU.ActiveCfg = Debug|Any CPU
		{437C1ED4-7B5E-48B5-B612-FA63324E7BEB}.Debug|Any CPU.Build.0 = Debug|Any CPU
		{437C1ED4-7B5E-48B5-B612-FA63324E7BEB}.Release|Any CPU.ActiveCfg = Release|Any CPU
		{437C1ED4-7B5E-48B5-B612-FA63324E7BEB}.Release|Any CPU.Build.0 = Release|Any CPU
	EndGlobalSection
	GlobalSection(SolutionProperties) = preSolution
		HideSolutionNode = FALSE
	EndGlobalSection
	GlobalSection(ExtensibilityGlobals) = postSolution
		SolutionGuid = {28CD41A9-2562-4EE2-94D4-738AE78C93E1}
	EndGlobalSection
EndGlobal
